
Microsoft Visual Studio Solution File, Format Version 12.00
# Visual Studio Version 17
VisualStudioVersion = 17.9.34622.214
MinimumVisualStudioVersion = 10.0.40219.1
Project("{FAE04EC0-301F-11D3-BF4B-00C04F79EFBC}") = "NesneyeDayalıProgramlamaProje", "NesneyeDayalıProgramlamaProje.csproj", "{4876161B-3413-44AB-B3AB-983F1ED858DD}"
EndProject
Global
	GlobalSection(SolutionConfigurationPlatforms) = preSolution
		Debug|Any CPU = Debug|Any CPU
		Release|Any CPU = Release|Any CPU
	EndGlobalSection
	GlobalSection(ProjectConfigurationPlatforms) = postSolution
		{4876161B-3413-44AB-B3AB-983F1ED858DD}.Debug|Any CPU.ActiveCfg = Debug|Any CPU
		{4876161B-3413-44AB-B3AB-983F1ED858DD}.Debug|Any CPU.Build.0 = Debug|Any CPU
		{4876161B-3413-44AB-B3AB-983F1ED858DD}.Release|Any CPU.ActiveCfg = Release|Any CPU
		{4876161B-3413-44AB-B3AB-983F1ED858DD}.Release|Any CPU.Build.0 = Release|Any CPU
	EndGlobalSection
	GlobalSection(SolutionProperties) = preSolution
		HideSolutionNode = FALSE
	EndGlobalSection
	GlobalSection(ExtensibilityGlobals) = postSolution
		SolutionGuid = {1156F33B-144B-4797-BCE9-07E17C1325A1}
	EndGlobalSection
EndGlobal
